// !$*UTF8*$!
{
	archiveVersion = 1;
	classes = {
	};
	objectVersion = 56;
	objects = {

/* Begin PBXBuildFile section */
		71174C172B1FD325008CB0BC /* AppDelegate.swift in Sources */ = {isa = PBXBuildFile; fileRef = 71174C162B1FD325008CB0BC /* AppDelegate.swift */; };
		71174C192B1FD325008CB0BC /* SceneDelegate.swift in Sources */ = {isa = PBXBuildFile; fileRef = 71174C182B1FD325008CB0BC /* SceneDelegate.swift */; };
		71174C202B1FD328008CB0BC /* Assets.xcassets in Resources */ = {isa = PBXBuildFile; fileRef = 71174C1F2B1FD328008CB0BC /* Assets.xcassets */; };
		71174C232B1FD328008CB0BC /* LaunchScreen.storyboard in Resources */ = {isa = PBXBuildFile; fileRef = 71174C212B1FD328008CB0BC /* LaunchScreen.storyboard */; };
		71174C2E2B1FD328008CB0BC /* StyloFlowTests.swift in Sources */ = {isa = PBXBuildFile; fileRef = 71174C2D2B1FD328008CB0BC /* StyloFlowTests.swift */; };
		71174C382B1FD328008CB0BC /* StyloFlowUITests.swift in Sources */ = {isa = PBXBuildFile; fileRef = 71174C372B1FD328008CB0BC /* StyloFlowUITests.swift */; };
		71174C3A2B1FD328008CB0BC /* StyloFlowUITestsLaunchTests.swift in Sources */ = {isa = PBXBuildFile; fileRef = 71174C392B1FD328008CB0BC /* StyloFlowUITestsLaunchTests.swift */; };
		71174C6D2B1FE071008CB0BC /* CanvasViewController.swift in Sources */ = {isa = PBXBuildFile; fileRef = 71174C6C2B1FE071008CB0BC /* CanvasViewController.swift */; };
		71174C6F2B1FE07D008CB0BC /* CanvasViewModel.swift in Sources */ = {isa = PBXBuildFile; fileRef = 71174C6E2B1FE07D008CB0BC /* CanvasViewModel.swift */; };
		71174C722B1FE180008CB0BC /* SnapKit in Frameworks */ = {isa = PBXBuildFile; productRef = 71174C712B1FE180008CB0BC /* SnapKit */; };
		71174C752B1FE1B2008CB0BC /* RxBlocking in Frameworks */ = {isa = PBXBuildFile; productRef = 71174C742B1FE1B2008CB0BC /* RxBlocking */; };
		71174C772B1FE1B2008CB0BC /* RxCocoa in Frameworks */ = {isa = PBXBuildFile; productRef = 71174C762B1FE1B2008CB0BC /* RxCocoa */; };
		71174C792B1FE1B2008CB0BC /* RxRelay in Frameworks */ = {isa = PBXBuildFile; productRef = 71174C782B1FE1B2008CB0BC /* RxRelay */; };
		71174C7B2B1FE1B2008CB0BC /* RxSwift in Frameworks */ = {isa = PBXBuildFile; productRef = 71174C7A2B1FE1B2008CB0BC /* RxSwift */; };
		71174C7D2B1FE1B2008CB0BC /* RxTest in Frameworks */ = {isa = PBXBuildFile; productRef = 71174C7C2B1FE1B2008CB0BC /* RxTest */; };
		7134F8692B25DFFF00D1942A /* MainViewController.swift in Sources */ = {isa = PBXBuildFile; fileRef = 7134F8682B25DFFF00D1942A /* MainViewController.swift */; };
/* End PBXBuildFile section */

/* Begin PBXContainerItemProxy section */
		71174C2A2B1FD328008CB0BC /* PBXContainerItemProxy */ = {
			isa = PBXContainerItemProxy;
			containerPortal = 71174C0B2B1FD325008CB0BC /* Project object */;
			proxyType = 1;
			remoteGlobalIDString = 71174C122B1FD325008CB0BC;
			remoteInfo = StyloFlow;
		};
		71174C342B1FD328008CB0BC /* PBXContainerItemProxy */ = {
			isa = PBXContainerItemProxy;
			containerPortal = 71174C0B2B1FD325008CB0BC /* Project object */;
			proxyType = 1;
			remoteGlobalIDString = 71174C122B1FD325008CB0BC;
			remoteInfo = StyloFlow;
		};
/* End PBXContainerItemProxy section */

/* Begin PBXFileReference section */
		71174C132B1FD325008CB0BC /* StyloFlow.app */ = {isa = PBXFileReference; explicitFileType = wrapper.application; includeInIndex = 0; path = StyloFlow.app; sourceTree = BUILT_PRODUCTS_DIR; };
		71174C162B1FD325008CB0BC /* AppDelegate.swift */ = {isa = PBXFileReference; lastKnownFileType = sourcecode.swift; path = AppDelegate.swift; sourceTree = "<group>"; };
		71174C182B1FD325008CB0BC /* SceneDelegate.swift */ = {isa = PBXFileReference; lastKnownFileType = sourcecode.swift; path = SceneDelegate.swift; sourceTree = "<group>"; };
		71174C1F2B1FD328008CB0BC /* Assets.xcassets */ = {isa = PBXFileReference; lastKnownFileType = folder.assetcatalog; path = Assets.xcassets; sourceTree = "<group>"; };
		71174C222B1FD328008CB0BC /* Base */ = {isa = PBXFileReference; lastKnownFileType = file.storyboard; name = Base; path = Base.lproj/LaunchScreen.storyboard; sourceTree = "<group>"; };
		71174C242B1FD328008CB0BC /* Info.plist */ = {isa = PBXFileReference; lastKnownFileType = text.plist.xml; path = Info.plist; sourceTree = "<group>"; };
		71174C292B1FD328008CB0BC /* StyloFlowTests.xctest */ = {isa = PBXFileReference; explicitFileType = wrapper.cfbundle; includeInIndex = 0; path = StyloFlowTests.xctest; sourceTree = BUILT_PRODUCTS_DIR; };
		71174C2D2B1FD328008CB0BC /* StyloFlowTests.swift */ = {isa = PBXFileReference; lastKnownFileType = sourcecode.swift; path = StyloFlowTests.swift; sourceTree = "<group>"; };
		71174C332B1FD328008CB0BC /* StyloFlowUITests.xctest */ = {isa = PBXFileReference; explicitFileType = wrapper.cfbundle; includeInIndex = 0; path = StyloFlowUITests.xctest; sourceTree = BUILT_PRODUCTS_DIR; };
		71174C372B1FD328008CB0BC /* StyloFlowUITests.swift */ = {isa = PBXFileReference; lastKnownFileType = sourcecode.swift; path = StyloFlowUITests.swift; sourceTree = "<group>"; };
		71174C392B1FD328008CB0BC /* StyloFlowUITestsLaunchTests.swift */ = {isa = PBXFileReference; lastKnownFileType = sourcecode.swift; path = StyloFlowUITestsLaunchTests.swift; sourceTree = "<group>"; };
		71174C6C2B1FE071008CB0BC /* CanvasViewController.swift */ = {isa = PBXFileReference; lastKnownFileType = sourcecode.swift; path = CanvasViewController.swift; sourceTree = "<group>"; };
		71174C6E2B1FE07D008CB0BC /* CanvasViewModel.swift */ = {isa = PBXFileReference; lastKnownFileType = sourcecode.swift; path = CanvasViewModel.swift; sourceTree = "<group>"; };
		7134F8682B25DFFF00D1942A /* MainViewController.swift */ = {isa = PBXFileReference; lastKnownFileType = sourcecode.swift; path = MainViewController.swift; sourceTree = "<group>"; };
/* End PBXFileReference section */

/* Begin PBXFrameworksBuildPhase section */
		71174C102B1FD325008CB0BC /* Frameworks */ = {
			isa = PBXFrameworksBuildPhase;
			buildActionMask = 2147483647;
			files = (
				71174C792B1FE1B2008CB0BC /* RxRelay in Frameworks */,
				71174C772B1FE1B2008CB0BC /* RxCocoa in Frameworks */,
				71174C7B2B1FE1B2008CB0BC /* RxSwift in Frameworks */,
				71174C722B1FE180008CB0BC /* SnapKit in Frameworks */,
			);
			runOnlyForDeploymentPostprocessing = 0;
		};
		71174C262B1FD328008CB0BC /* Frameworks */ = {
			isa = PBXFrameworksBuildPhase;
			buildActionMask = 2147483647;
			files = (
				71174C7D2B1FE1B2008CB0BC /* RxTest in Frameworks */,
				71174C752B1FE1B2008CB0BC /* RxBlocking in Frameworks */,
			);
			runOnlyForDeploymentPostprocessing = 0;
		};
		71174C302B1FD328008CB0BC /* Frameworks */ = {
			isa = PBXFrameworksBuildPhase;
			buildActionMask = 2147483647;
			files = (
			);
			runOnlyForDeploymentPostprocessing = 0;
		};
/* End PBXFrameworksBuildPhase section */

/* Begin PBXGroup section */
		71174C0A2B1FD325008CB0BC = {
			isa = PBXGroup;
			children = (
				71174C152B1FD325008CB0BC /* StyloFlow */,
				71174C2C2B1FD328008CB0BC /* StyloFlowTests */,
				71174C362B1FD328008CB0BC /* StyloFlowUITests */,
				71174C142B1FD325008CB0BC /* Products */,
			);
			sourceTree = "<group>";
		};
		71174C142B1FD325008CB0BC /* Products */ = {
			isa = PBXGroup;
			children = (
				71174C132B1FD325008CB0BC /* StyloFlow.app */,
				71174C292B1FD328008CB0BC /* StyloFlowTests.xctest */,
				71174C332B1FD328008CB0BC /* StyloFlowUITests.xctest */,
			);
			name = Products;
			sourceTree = "<group>";
		};
		71174C152B1FD325008CB0BC /* StyloFlow */ = {
			isa = PBXGroup;
			children = (
				71174C462B1FDA20008CB0BC /* View */,
				71174C162B1FD325008CB0BC /* AppDelegate.swift */,
				71174C182B1FD325008CB0BC /* SceneDelegate.swift */,
				71174C1F2B1FD328008CB0BC /* Assets.xcassets */,
				71174C212B1FD328008CB0BC /* LaunchScreen.storyboard */,
				71174C242B1FD328008CB0BC /* Info.plist */,
			);
			path = StyloFlow;
			sourceTree = "<group>";
		};
		71174C2C2B1FD328008CB0BC /* StyloFlowTests */ = {
			isa = PBXGroup;
			children = (
				71174C2D2B1FD328008CB0BC /* StyloFlowTests.swift */,
			);
			path = StyloFlowTests;
			sourceTree = "<group>";
		};
		71174C362B1FD328008CB0BC /* StyloFlowUITests */ = {
			isa = PBXGroup;
			children = (
				71174C372B1FD328008CB0BC /* StyloFlowUITests.swift */,
				71174C392B1FD328008CB0BC /* StyloFlowUITestsLaunchTests.swift */,
			);
			path = StyloFlowUITests;
			sourceTree = "<group>";
		};
		71174C462B1FDA20008CB0BC /* View */ = {
			isa = PBXGroup;
			children = (
				7134F8672B25DFF700D1942A /* Main */,
				71174C472B1FDA2C008CB0BC /* Canvas */,
			);
			path = View;
			sourceTree = "<group>";
		};
		71174C472B1FDA2C008CB0BC /* Canvas */ = {
			isa = PBXGroup;
			children = (
				71174C6C2B1FE071008CB0BC /* CanvasViewController.swift */,
				71174C6E2B1FE07D008CB0BC /* CanvasViewModel.swift */,
			);
			path = Canvas;
			sourceTree = "<group>";
		};
		7134F8672B25DFF700D1942A /* Main */ = {
			isa = PBXGroup;
			children = (
				7134F8682B25DFFF00D1942A /* MainViewController.swift */,
			);
			path = Main;
			sourceTree = "<group>";
		};
/* End PBXGroup section */

/* Begin PBXNativeTarget section */
		71174C122B1FD325008CB0BC /* StyloFlow */ = {
			isa = PBXNativeTarget;
			buildConfigurationList = 71174C3D2B1FD328008CB0BC /* Build configuration list for PBXNativeTarget "StyloFlow" */;
			buildPhases = (
				71174C0F2B1FD325008CB0BC /* Sources */,
				71174C102B1FD325008CB0BC /* Frameworks */,
				71174C112B1FD325008CB0BC /* Resources */,
			);
			buildRules = (
			);
			dependencies = (
			);
			name = StyloFlow;
			packageProductDependencies = (
				71174C712B1FE180008CB0BC /* SnapKit */,
				71174C762B1FE1B2008CB0BC /* RxCocoa */,
				71174C782B1FE1B2008CB0BC /* RxRelay */,
				71174C7A2B1FE1B2008CB0BC /* RxSwift */,
			);
			productName = StyloFlow;
			productReference = 71174C132B1FD325008CB0BC /* StyloFlow.app */;
			productType = "com.apple.product-type.application";
		};
		71174C282B1FD328008CB0BC /* StyloFlowTests */ = {
			isa = PBXNativeTarget;
			buildConfigurationList = 71174C402B1FD328008CB0BC /* Build configuration list for PBXNativeTarget "StyloFlowTests" */;
			buildPhases = (
				71174C252B1FD328008CB0BC /* Sources */,
				71174C262B1FD328008CB0BC /* Frameworks */,
				71174C272B1FD328008CB0BC /* Resources */,
			);
			buildRules = (
			);
			dependencies = (
				71174C2B2B1FD328008CB0BC /* PBXTargetDependency */,
			);
			name = StyloFlowTests;
			packageProductDependencies = (
				71174C742B1FE1B2008CB0BC /* RxBlocking */,
				71174C7C2B1FE1B2008CB0BC /* RxTest */,
			);
			productName = StyloFlowTests;
			productReference = 71174C292B1FD328008CB0BC /* StyloFlowTests.xctest */;
			productType = "com.apple.product-type.bundle.unit-test";
		};
		71174C322B1FD328008CB0BC /* StyloFlowUITests */ = {
			isa = PBXNativeTarget;
			buildConfigurationList = 71174C432B1FD328008CB0BC /* Build configuration list for PBXNativeTarget "StyloFlowUITests" */;
			buildPhases = (
				71174C2F2B1FD328008CB0BC /* Sources */,
				71174C302B1FD328008CB0BC /* Frameworks */,
				71174C312B1FD328008CB0BC /* Resources */,
			);
			buildRules = (
			);
			dependencies = (
				71174C352B1FD328008CB0BC /* PBXTargetDependency */,
			);
			name = StyloFlowUITests;
			productName = StyloFlowUITests;
			productReference = 71174C332B1FD328008CB0BC /* StyloFlowUITests.xctest */;
			productType = "com.apple.product-type.bundle.ui-testing";
		};
/* End PBXNativeTarget section */

/* Begin PBXProject section */
		71174C0B2B1FD325008CB0BC /* Project object */ = {
			isa = PBXProject;
			attributes = {
				BuildIndependentTargetsInParallel = 1;
				LastSwiftUpdateCheck = 1500;
				LastUpgradeCheck = 1500;
				TargetAttributes = {
					71174C122B1FD325008CB0BC = {
						CreatedOnToolsVersion = 15.0;
					};
					71174C282B1FD328008CB0BC = {
						CreatedOnToolsVersion = 15.0;
						TestTargetID = 71174C122B1FD325008CB0BC;
					};
					71174C322B1FD328008CB0BC = {
						CreatedOnToolsVersion = 15.0;
						TestTargetID = 71174C122B1FD325008CB0BC;
					};
				};
			};
			buildConfigurationList = 71174C0E2B1FD325008CB0BC /* Build configuration list for PBXProject "StyloFlow" */;
			compatibilityVersion = "Xcode 14.0";
			developmentRegion = en;
			hasScannedForEncodings = 0;
			knownRegions = (
				en,
				Base,
			);
			mainGroup = 71174C0A2B1FD325008CB0BC;
			packageReferences = (
				71174C702B1FE180008CB0BC /* XCRemoteSwiftPackageReference "SnapKit" */,
				71174C732B1FE1B2008CB0BC /* XCRemoteSwiftPackageReference "RxSwift" */,
			);
			productRefGroup = 71174C142B1FD325008CB0BC /* Products */;
			projectDirPath = "";
			projectRoot = "";
			targets = (
				71174C122B1FD325008CB0BC /* StyloFlow */,
				71174C282B1FD328008CB0BC /* StyloFlowTests */,
				71174C322B1FD328008CB0BC /* StyloFlowUITests */,
			);
		};
/* End PBXProject section */

/* Begin PBXResourcesBuildPhase section */
		71174C112B1FD325008CB0BC /* Resources */ = {
			isa = PBXResourcesBuildPhase;
			buildActionMask = 2147483647;
			files = (
				71174C232B1FD328008CB0BC /* LaunchScreen.storyboard in Resources */,
				71174C202B1FD328008CB0BC /* Assets.xcassets in Resources */,
			);
			runOnlyForDeploymentPostprocessing = 0;
		};
		71174C272B1FD328008CB0BC /* Resources */ = {
			isa = PBXResourcesBuildPhase;
			buildActionMask = 2147483647;
			files = (
			);
			runOnlyForDeploymentPostprocessing = 0;
		};
		71174C312B1FD328008CB0BC /* Resources */ = {
			isa = PBXResourcesBuildPhase;
			buildActionMask = 2147483647;
			files = (
			);
			runOnlyForDeploymentPostprocessing = 0;
		};
/* End PBXResourcesBuildPhase section */

/* Begin PBXSourcesBuildPhase section */
		71174C0F2B1FD325008CB0BC /* Sources */ = {
			isa = PBXSourcesBuildPhase;
			buildActionMask = 2147483647;
			files = (
				71174C6F2B1FE07D008CB0BC /* CanvasViewModel.swift in Sources */,
				71174C172B1FD325008CB0BC /* AppDelegate.swift in Sources */,
				71174C192B1FD325008CB0BC /* SceneDelegate.swift in Sources */,
				71174C6D2B1FE071008CB0BC /* CanvasViewController.swift in Sources */,
				7134F8692B25DFFF00D1942A /* MainViewController.swift in Sources */,
			);
			runOnlyForDeploymentPostprocessing = 0;
		};
		71174C252B1FD328008CB0BC /* Sources */ = {
			isa = PBXSourcesBuildPhase;
			buildActionMask = 2147483647;
			files = (
				71174C2E2B1FD328008CB0BC /* StyloFlowTests.swift in Sources */,
			);
			runOnlyForDeploymentPostprocessing = 0;
		};
		71174C2F2B1FD328008CB0BC /* Sources */ = {
			isa = PBXSourcesBuildPhase;
			buildActionMask = 2147483647;
			files = (
				71174C3A2B1FD328008CB0BC /* StyloFlowUITestsLaunchTests.swift in Sources */,
				71174C382B1FD328008CB0BC /* StyloFlowUITests.swift in Sources */,
			);
			runOnlyForDeploymentPostprocessing = 0;
		};
/* End PBXSourcesBuildPhase section */

/* Begin PBXTargetDependency section */
		71174C2B2B1FD328008CB0BC /* PBXTargetDependency */ = {
			isa = PBXTargetDependency;
			target = 71174C122B1FD325008CB0BC /* StyloFlow */;
			targetProxy = 71174C2A2B1FD328008CB0BC /* PBXContainerItemProxy */;
		};
		71174C352B1FD328008CB0BC /* PBXTargetDependency */ = {
			isa = PBXTargetDependency;
			target = 71174C122B1FD325008CB0BC /* StyloFlow */;
			targetProxy = 71174C342B1FD328008CB0BC /* PBXContainerItemProxy */;
		};
/* End PBXTargetDependency section */

/* Begin PBXVariantGroup section */
		71174C212B1FD328008CB0BC /* LaunchScreen.storyboard */ = {
			isa = PBXVariantGroup;
			children = (
				71174C222B1FD328008CB0BC /* Base */,
			);
			name = LaunchScreen.storyboard;
			sourceTree = "<group>";
		};
/* End PBXVariantGroup section */

/* Begin XCBuildConfiguration section */
		71174C3B2B1FD328008CB0BC /* Debug */ = {
			isa = XCBuildConfiguration;
			buildSettings = {
				ALWAYS_SEARCH_USER_PATHS = NO;
				ASSETCATALOG_COMPILER_GENERATE_SWIFT_ASSET_SYMBOL_EXTENSIONS = YES;
				CLANG_ANALYZER_NONNULL = YES;
				CLANG_ANALYZER_NUMBER_OBJECT_CONVERSION = YES_AGGRESSIVE;
				CLANG_CXX_LANGUAGE_STANDARD = "gnu++20";
				CLANG_ENABLE_MODULES = YES;
				CLANG_ENABLE_OBJC_ARC = YES;
				CLANG_ENABLE_OBJC_WEAK = YES;
				CLANG_WARN_BLOCK_CAPTURE_AUTORELEASING = YES;
				CLANG_WARN_BOOL_CONVERSION = YES;
				CLANG_WARN_COMMA = YES;
				CLANG_WARN_CONSTANT_CONVERSION = YES;
				CLANG_WARN_DEPRECATED_OBJC_IMPLEMENTATIONS = YES;
				CLANG_WARN_DIRECT_OBJC_ISA_USAGE = YES_ERROR;
				CLANG_WARN_DOCUMENTATION_COMMENTS = YES;
				CLANG_WARN_EMPTY_BODY = YES;
				CLANG_WARN_ENUM_CONVERSION = YES;
				CLANG_WARN_INFINITE_RECURSION = YES;
				CLANG_WARN_INT_CONVERSION = YES;
				CLANG_WARN_NON_LITERAL_NULL_CONVERSION = YES;
				CLANG_WARN_OBJC_IMPLICIT_RETAIN_SELF = YES;
				CLANG_WARN_OBJC_LITERAL_CONVERSION = YES;
				CLANG_WARN_OBJC_ROOT_CLASS = YES_ERROR;
				CLANG_WARN_QUOTED_INCLUDE_IN_FRAMEWORK_HEADER = YES;
				CLANG_WARN_RANGE_LOOP_ANALYSIS = YES;
				CLANG_WARN_STRICT_PROTOTYPES = YES;
				CLANG_WARN_SUSPICIOUS_MOVE = YES;
				CLANG_WARN_UNGUARDED_AVAILABILITY = YES_AGGRESSIVE;
				CLANG_WARN_UNREACHABLE_CODE = YES;
				CLANG_WARN__DUPLICATE_METHOD_MATCH = YES;
				COPY_PHASE_STRIP = NO;
				DEBUG_INFORMATION_FORMAT = dwarf;
				ENABLE_STRICT_OBJC_MSGSEND = YES;
				ENABLE_TESTABILITY = YES;
				ENABLE_USER_SCRIPT_SANDBOXING = YES;
				GCC_C_LANGUAGE_STANDARD = gnu17;
				GCC_DYNAMIC_NO_PIC = NO;
				GCC_NO_COMMON_BLOCKS = YES;
				GCC_OPTIMIZATION_LEVEL = 0;
				GCC_PREPROCESSOR_DEFINITIONS = (
					"DEBUG=1",
					"$(inherited)",
				);
				GCC_WARN_64_TO_32_BIT_CONVERSION = YES;
				GCC_WARN_ABOUT_RETURN_TYPE = YES_ERROR;
				GCC_WARN_UNDECLARED_SELECTOR = YES;
				GCC_WARN_UNINITIALIZED_AUTOS = YES_AGGRESSIVE;
				GCC_WARN_UNUSED_FUNCTION = YES;
				GCC_WARN_UNUSED_VARIABLE = YES;
				IPHONEOS_DEPLOYMENT_TARGET = 17.0;
				LOCALIZATION_PREFERS_STRING_CATALOGS = YES;
				MTL_ENABLE_DEBUG_INFO = INCLUDE_SOURCE;
				MTL_FAST_MATH = YES;
				ONLY_ACTIVE_ARCH = YES;
				SDKROOT = iphoneos;
				SWIFT_ACTIVE_COMPILATION_CONDITIONS = "DEBUG $(inherited)";
				SWIFT_OPTIMIZATION_LEVEL = "-Onone";
			};
			name = Debug;
		};
		71174C3C2B1FD328008CB0BC /* Release */ = {
			isa = XCBuildConfiguration;
			buildSettings = {
				ALWAYS_SEARCH_USER_PATHS = NO;
				ASSETCATALOG_COMPILER_GENERATE_SWIFT_ASSET_SYMBOL_EXTENSIONS = YES;
				CLANG_ANALYZER_NONNULL = YES;
				CLANG_ANALYZER_NUMBER_OBJECT_CONVERSION = YES_AGGRESSIVE;
				CLANG_CXX_LANGUAGE_STANDARD = "gnu++20";
				CLANG_ENABLE_MODULES = YES;
				CLANG_ENABLE_OBJC_ARC = YES;
				CLANG_ENABLE_OBJC_WEAK = YES;
				CLANG_WARN_BLOCK_CAPTURE_AUTORELEASING = YES;
				CLANG_WARN_BOOL_CONVERSION = YES;
				CLANG_WARN_COMMA = YES;
				CLANG_WARN_CONSTANT_CONVERSION = YES;
				CLANG_WARN_DEPRECATED_OBJC_IMPLEMENTATIONS = YES;
				CLANG_WARN_DIRECT_OBJC_ISA_USAGE = YES_ERROR;
				CLANG_WARN_DOCUMENTATION_COMMENTS = YES;
				CLANG_WARN_EMPTY_BODY = YES;
				CLANG_WARN_ENUM_CONVERSION = YES;
				CLANG_WARN_INFINITE_RECURSION = YES;
				CLANG_WARN_INT_CONVERSION = YES;
				CLANG_WARN_NON_LITERAL_NULL_CONVERSION = YES;
				CLANG_WARN_OBJC_IMPLICIT_RETAIN_SELF = YES;
				CLANG_WARN_OBJC_LITERAL_CONVERSION = YES;
				CLANG_WARN_OBJC_ROOT_CLASS = YES_ERROR;
				CLANG_WARN_QUOTED_INCLUDE_IN_FRAMEWORK_HEADER = YES;
				CLANG_WARN_RANGE_LOOP_ANALYSIS = YES;
				CLANG_WARN_STRICT_PROTOTYPES = YES;
				CLANG_WARN_SUSPICIOUS_MOVE = YES;
				CLANG_WARN_UNGUARDED_AVAILABILITY = YES_AGGRESSIVE;
				CLANG_WARN_UNREACHABLE_CODE = YES;
				CLANG_WARN__DUPLICATE_METHOD_MATCH = YES;
				COPY_PHASE_STRIP = NO;
				DEBUG_INFORMATION_FORMAT = "dwarf-with-dsym";
				ENABLE_NS_ASSERTIONS = NO;
				ENABLE_STRICT_OBJC_MSGSEND = YES;
				ENABLE_USER_SCRIPT_SANDBOXING = YES;
				GCC_C_LANGUAGE_STANDARD = gnu17;
				GCC_NO_COMMON_BLOCKS = YES;
				GCC_WARN_64_TO_32_BIT_CONVERSION = YES;
				GCC_WARN_ABOUT_RETURN_TYPE = YES_ERROR;
				GCC_WARN_UNDECLARED_SELECTOR = YES;
				GCC_WARN_UNINITIALIZED_AUTOS = YES_AGGRESSIVE;
				GCC_WARN_UNUSED_FUNCTION = YES;
				GCC_WARN_UNUSED_VARIABLE = YES;
				IPHONEOS_DEPLOYMENT_TARGET = 17.0;
				LOCALIZATION_PREFERS_STRING_CATALOGS = YES;
				MTL_ENABLE_DEBUG_INFO = NO;
				MTL_FAST_MATH = YES;
				SDKROOT = iphoneos;
				SWIFT_COMPILATION_MODE = wholemodule;
				VALIDATE_PRODUCT = YES;
			};
			name = Release;
		};
		71174C3E2B1FD328008CB0BC /* Debug */ = {
			isa = XCBuildConfiguration;
			buildSettings = {
				ASSETCATALOG_COMPILER_APPICON_NAME = AppIcon;
				ASSETCATALOG_COMPILER_GLOBAL_ACCENT_COLOR_NAME = AccentColor;
				CODE_SIGN_STYLE = Automatic;
				CURRENT_PROJECT_VERSION = 1;
				DEVELOPMENT_TEAM = AF543CM7YC;
				GENERATE_INFOPLIST_FILE = YES;
				INFOPLIST_FILE = StyloFlow/Info.plist;
				INFOPLIST_KEY_UIApplicationSupportsIndirectInputEvents = YES;
				INFOPLIST_KEY_UILaunchStoryboardName = LaunchScreen;
				INFOPLIST_KEY_UISupportedInterfaceOrientations_iPad = "UIInterfaceOrientationPortrait UIInterfaceOrientationPortraitUpsideDown UIInterfaceOrientationLandscapeLeft UIInterfaceOrientationLandscapeRight";
				INFOPLIST_KEY_UISupportedInterfaceOrientations_iPhone = "UIInterfaceOrientationPortrait UIInterfaceOrientationLandscapeLeft UIInterfaceOrientationLandscapeRight";
				IPHONEOS_DEPLOYMENT_TARGET = 14.0;
				LD_RUNPATH_SEARCH_PATHS = (
					"$(inherited)",
					"@executable_path/Frameworks",
				);
				MARKETING_VERSION = 1.0;
				PRODUCT_BUNDLE_IDENTIFIER = com.went.StyloFlow;
				PRODUCT_NAME = "$(TARGET_NAME)";
				SUPPORTED_PLATFORMS = "iphoneos iphonesimulator";
				SUPPORTS_MACCATALYST = NO;
				SUPPORTS_MAC_DESIGNED_FOR_IPHONE_IPAD = NO;
				SUPPORTS_XR_DESIGNED_FOR_IPHONE_IPAD = NO;
				SWIFT_EMIT_LOC_STRINGS = YES;
				SWIFT_VERSION = 5.0;
				TARGETED_DEVICE_FAMILY = 2;
			};
			name = Debug;
		};
		71174C3F2B1FD328008CB0BC /* Release */ = {
			isa = XCBuildConfiguration;
			buildSettings = {
				ASSETCATALOG_COMPILER_APPICON_NAME = AppIcon;
				ASSETCATALOG_COMPILER_GLOBAL_ACCENT_COLOR_NAME = AccentColor;
				CODE_SIGN_STYLE = Automatic;
				CURRENT_PROJECT_VERSION = 1;
				DEVELOPMENT_TEAM = AF543CM7YC;
				GENERATE_INFOPLIST_FILE = YES;
				INFOPLIST_FILE = StyloFlow/Info.plist;
				INFOPLIST_KEY_UIApplicationSupportsIndirectInputEvents = YES;
				INFOPLIST_KEY_UILaunchStoryboardName = LaunchScreen;
				INFOPLIST_KEY_UISupportedInterfaceOrientations_iPad = "UIInterfaceOrientationPortrait UIInterfaceOrientationPortraitUpsideDown UIInterfaceOrientationLandscapeLeft UIInterfaceOrientationLandscapeRight";
				INFOPLIST_KEY_UISupportedInterfaceOrientations_iPhone = "UIInterfaceOrientationPortrait UIInterfaceOrientationLandscapeLeft UIInterfaceOrientationLandscapeRight";
				IPHONEOS_DEPLOYMENT_TARGET = 14.0;
				LD_RUNPATH_SEARCH_PATHS = (
					"$(inherited)",
					"@executable_path/Frameworks",
				);
				MARKETING_VERSION = 1.0;
				PRODUCT_BUNDLE_IDENTIFIER = com.went.StyloFlow;
				PRODUCT_NAME = "$(TARGET_NAME)";
				SUPPORTED_PLATFORMS = "iphoneos iphonesimulator";
				SUPPORTS_MACCATALYST = NO;
				SUPPORTS_MAC_DESIGNED_FOR_IPHONE_IPAD = NO;
				SUPPORTS_XR_DESIGNED_FOR_IPHONE_IPAD = NO;
				SWIFT_EMIT_LOC_STRINGS = YES;
				SWIFT_VERSION = 5.0;
				TARGETED_DEVICE_FAMILY = 2;
			};
			name = Release;
		};
		71174C412B1FD328008CB0BC /* Debug */ = {
			isa = XCBuildConfiguration;
			buildSettings = {
				ALWAYS_EMBED_SWIFT_STANDARD_LIBRARIES = YES;
				BUNDLE_LOADER = "$(TEST_HOST)";
				CODE_SIGN_STYLE = Automatic;
				CURRENT_PROJECT_VERSION = 1;
				DEVELOPMENT_TEAM = AF543CM7YC;
				GENERATE_INFOPLIST_FILE = YES;
				IPHONEOS_DEPLOYMENT_TARGET = 17.0;
				MARKETING_VERSION = 1.0;
				PRODUCT_BUNDLE_IDENTIFIER = com.went.StyloFlowTests;
				PRODUCT_NAME = "$(TARGET_NAME)";
				SWIFT_EMIT_LOC_STRINGS = NO;
				SWIFT_VERSION = 5.0;
				TARGETED_DEVICE_FAMILY = "1,2";
				TEST_HOST = "$(BUILT_PRODUCTS_DIR)/StyloFlow.app/$(BUNDLE_EXECUTABLE_FOLDER_PATH)/StyloFlow";
			};
			name = Debug;
		};
		71174C422B1FD328008CB0BC /* Release */ = {
			isa = XCBuildConfiguration;
			buildSettings = {
				ALWAYS_EMBED_SWIFT_STANDARD_LIBRARIES = YES;
				BUNDLE_LOADER = "$(TEST_HOST)";
				CODE_SIGN_STYLE = Automatic;
				CURRENT_PROJECT_VERSION = 1;
				DEVELOPMENT_TEAM = AF543CM7YC;
				GENERATE_INFOPLIST_FILE = YES;
				IPHONEOS_DEPLOYMENT_TARGET = 17.0;
				MARKETING_VERSION = 1.0;
				PRODUCT_BUNDLE_IDENTIFIER = com.went.StyloFlowTests;
				PRODUCT_NAME = "$(TARGET_NAME)";
				SWIFT_EMIT_LOC_STRINGS = NO;
				SWIFT_VERSION = 5.0;
				TARGETED_DEVICE_FAMILY = "1,2";
				TEST_HOST = "$(BUILT_PRODUCTS_DIR)/StyloFlow.app/$(BUNDLE_EXECUTABLE_FOLDER_PATH)/StyloFlow";
			};
			name = Release;
		};
		71174C442B1FD328008CB0BC /* Debug */ = {
			isa = XCBuildConfiguration;
			buildSettings = {
				ALWAYS_EMBED_SWIFT_STANDARD_LIBRARIES = YES;
				CODE_SIGN_STYLE = Automatic;
				CURRENT_PROJECT_VERSION = 1;
				DEVELOPMENT_TEAM = AF543CM7YC;
				GENERATE_INFOPLIST_FILE = YES;
				MARKETING_VERSION = 1.0;
				PRODUCT_BUNDLE_IDENTIFIER = com.went.StyloFlowUITests;
				PRODUCT_NAME = "$(TARGET_NAME)";
				SWIFT_EMIT_LOC_STRINGS = NO;
				SWIFT_VERSION = 5.0;
				TARGETED_DEVICE_FAMILY = "1,2";
				TEST_TARGET_NAME = StyloFlow;
			};
			name = Debug;
		};
		71174C452B1FD328008CB0BC /* Release */ = {
			isa = XCBuildConfiguration;
			buildSettings = {
				ALWAYS_EMBED_SWIFT_STANDARD_LIBRARIES = YES;
				CODE_SIGN_STYLE = Automatic;
				CURRENT_PROJECT_VERSION = 1;
				DEVELOPMENT_TEAM = AF543CM7YC;
				GENERATE_INFOPLIST_FILE = YES;
				MARKETING_VERSION = 1.0;
				PRODUCT_BUNDLE_IDENTIFIER = com.went.StyloFlowUITests;
				PRODUCT_NAME = "$(TARGET_NAME)";
				SWIFT_EMIT_LOC_STRINGS = NO;
				SWIFT_VERSION = 5.0;
				TARGETED_DEVICE_FAMILY = "1,2";
				TEST_TARGET_NAME = StyloFlow;
			};
			name = Release;
		};
/* End XCBuildConfiguration section */

/* Begin XCConfigurationList section */
		71174C0E2B1FD325008CB0BC /* Build configuration list for PBXProject "StyloFlow" */ = {
			isa = XCConfigurationList;
			buildConfigurations = (
				71174C3B2B1FD328008CB0BC /* Debug */,
				71174C3C2B1FD328008CB0BC /* Release */,
			);
			defaultConfigurationIsVisible = 0;
			defaultConfigurationName = Release;
		};
		71174C3D2B1FD328008CB0BC /* Build configuration list for PBXNativeTarget "StyloFlow" */ = {
			isa = XCConfigurationList;
			buildConfigurations = (
				71174C3E2B1FD328008CB0BC /* Debug */,
				71174C3F2B1FD328008CB0BC /* Release */,
			);
			defaultConfigurationIsVisible = 0;
			defaultConfigurationName = Release;
		};
		71174C402B1FD328008CB0BC /* Build configuration list for PBXNativeTarget "StyloFlowTests" */ = {
			isa = XCConfigurationList;
			buildConfigurations = (
				71174C412B1FD328008CB0BC /* Debug */,
				71174C422B1FD328008CB0BC /* Release */,
			);
			defaultConfigurationIsVisible = 0;
			defaultConfigurationName = Release;
		};
		71174C432B1FD328008CB0BC /* Build configuration list for PBXNativeTarget "StyloFlowUITests" */ = {
			isa = XCConfigurationList;
			buildConfigurations = (
				71174C442B1FD328008CB0BC /* Debug */,
				71174C452B1FD328008CB0BC /* Release */,
			);
			defaultConfigurationIsVisible = 0;
			defaultConfigurationName = Release;
		};
/* End XCConfigurationList section */

/* Begin XCRemoteSwiftPackageReference section */
		71174C702B1FE180008CB0BC /* XCRemoteSwiftPackageReference "SnapKit" */ = {
			isa = XCRemoteSwiftPackageReference;
			repositoryURL = "https://github.com/SnapKit/SnapKit.git";
			requirement = {
				kind = upToNextMajorVersion;
				minimumVersion = 5.6.0;
			};
		};
		71174C732B1FE1B2008CB0BC /* XCRemoteSwiftPackageReference "RxSwift" */ = {
			isa = XCRemoteSwiftPackageReference;
			repositoryURL = "https://github.com/ReactiveX/RxSwift.git";
			requirement = {
				kind = upToNextMajorVersion;
				minimumVersion = 6.6.0;
			};
		};
/* End XCRemoteSwiftPackageReference section */

/* Begin XCSwiftPackageProductDependency section */
		71174C712B1FE180008CB0BC /* SnapKit */ = {
			isa = XCSwiftPackageProductDependency;
			package = 71174C702B1FE180008CB0BC /* XCRemoteSwiftPackageReference "SnapKit" */;
			productName = SnapKit;
		};
		71174C742B1FE1B2008CB0BC /* RxBlocking */ = {
			isa = XCSwiftPackageProductDependency;
			package = 71174C732B1FE1B2008CB0BC /* XCRemoteSwiftPackageReference "RxSwift" */;
			productName = RxBlocking;
		};
		71174C762B1FE1B2008CB0BC /* RxCocoa */ = {
			isa = XCSwiftPackageProductDependency;
			package = 71174C732B1FE1B2008CB0BC /* XCRemoteSwiftPackageReference "RxSwift" */;
			productName = RxCocoa;
		};
		71174C782B1FE1B2008CB0BC /* RxRelay */ = {
			isa = XCSwiftPackageProductDependency;
			package = 71174C732B1FE1B2008CB0BC /* XCRemoteSwiftPackageReference "RxSwift" */;
			productName = RxRelay;
		};
		71174C7A2B1FE1B2008CB0BC /* RxSwift */ = {
			isa = XCSwiftPackageProductDependency;
			package = 71174C732B1FE1B2008CB0BC /* XCRemoteSwiftPackageReference "RxSwift" */;
			productName = RxSwift;
		};
		71174C7C2B1FE1B2008CB0BC /* RxTest */ = {
			isa = XCSwiftPackageProductDependency;
			package = 71174C732B1FE1B2008CB0BC /* XCRemoteSwiftPackageReference "RxSwift" */;
			productName = RxTest;
		};
/* End XCSwiftPackageProductDependency section */
	};
	rootObject = 71174C0B2B1FD325008CB0BC /* Project object */;
}
